
Microsoft Visual Studio Solution File, Format Version 12.00
# Visual Studio 15
VisualStudioVersion = 15.0.28307.106
MinimumVisualStudioVersion = 10.0.40219.1
Project("{9A19103F-16F7-4668-BE54-9A1E7A4F7556}") = "IdentitySample", "IdentitySample.csproj", "{0A3C1885-161F-49A7-83E0-7328D32C690B}"
EndProject
Global
	GlobalSection(SolutionConfigurationPlatforms) = preSolution
		Debug|Any CPU = Debug|Any CPU
		Release|Any CPU = Release|Any CPU
	EndGlobalSection
	GlobalSection(ProjectConfigurationPlatforms) = postSolution
		{0A3C1885-161F-49A7-83E0-7328D32C690B}.Debug|Any CPU.ActiveCfg = Debug|Any CPU
		{0A3C1885-161F-49A7-83E0-7328D32C690B}.Debug|Any CPU.Build.0 = Debug|Any CPU
		{0A3C1885-161F-49A7-83E0-7328D32C690B}.Release|Any CPU.ActiveCfg = Release|Any CPU
		{0A3C1885-161F-49A7-83E0-7328D32C690B}.Release|Any CPU.Build.0 = Release|Any CPU
	EndGlobalSection
	GlobalSection(SolutionProperties) = preSolution
		HideSolutionNode = FALSE
	EndGlobalSection
	GlobalSection(ExtensibilityGlobals) = postSolution
		SolutionGuid = {428647E7-61A9-4886-A3A3-93F347799E1D}
	EndGlobalSection
EndGlobal
