
Microsoft Visual Studio Solution File, Format Version 12.00
# Visual Studio 15
VisualStudioVersion = 15.0.28307.106
MinimumVisualStudioVersion = 10.0.40219.1
Project("{FAE04EC0-301F-11D3-BF4B-00C04F79EFBC}") = "CommonLineSample", "CommonLineSample\CommonLineSample.csproj", "{138C3BA8-118D-4261-8D41-79A3A7F8B629}"
EndProject
Project("{FAE04EC0-301F-11D3-BF4B-00C04F79EFBC}") = "JsonConfigSample", "JsonConfigSample\JsonConfigSample.csproj", "{2375ED01-0432-48E7-A238-7064514BE0D8}"
EndProject
Project("{FAE04EC0-301F-11D3-BF4B-00C04F79EFBC}") = "OptionBindSample", "OptionBindSample\OptionBindSample.csproj", "{820274BF-8FC8-4614-B087-6EE956A0A6E6}"
EndProject
Global
	GlobalSection(SolutionConfigurationPlatforms) = preSolution
		Debug|Any CPU = Debug|Any CPU
		Release|Any CPU = Release|Any CPU
	EndGlobalSection
	GlobalSection(ProjectConfigurationPlatforms) = postSolution
		{138C3BA8-118D-4261-8D41-79A3A7F8B629}.Debug|Any CPU.ActiveCfg = Debug|Any CPU
		{138C3BA8-118D-4261-8D41-79A3A7F8B629}.Debug|Any CPU.Build.0 = Debug|Any CPU
		{138C3BA8-118D-4261-8D41-79A3A7F8B629}.Release|Any CPU.ActiveCfg = Release|Any CPU
		{138C3BA8-118D-4261-8D41-79A3A7F8B629}.Release|Any CPU.Build.0 = Release|Any CPU
		{2375ED01-0432-48E7-A238-7064514BE0D8}.Debug|Any CPU.ActiveCfg = Debug|Any CPU
		{2375ED01-0432-48E7-A238-7064514BE0D8}.Debug|Any CPU.Build.0 = Debug|Any CPU
		{2375ED01-0432-48E7-A238-7064514BE0D8}.Release|Any CPU.ActiveCfg = Release|Any CPU
		{2375ED01-0432-48E7-A238-7064514BE0D8}.Release|Any CPU.Build.0 = Release|Any CPU
		{820274BF-8FC8-4614-B087-6EE956A0A6E6}.Debug|Any CPU.ActiveCfg = Debug|Any CPU
		{820274BF-8FC8-4614-B087-6EE956A0A6E6}.Debug|Any CPU.Build.0 = Debug|Any CPU
		{820274BF-8FC8-4614-B087-6EE956A0A6E6}.Release|Any CPU.ActiveCfg = Release|Any CPU
		{820274BF-8FC8-4614-B087-6EE956A0A6E6}.Release|Any CPU.Build.0 = Release|Any CPU
	EndGlobalSection
	GlobalSection(SolutionProperties) = preSolution
		HideSolutionNode = FALSE
	EndGlobalSection
	GlobalSection(ExtensibilityGlobals) = postSolution
		SolutionGuid = {95321EF0-E17E-408E-8CBD-4758C718B882}
	EndGlobalSection
EndGlobal
